
Microsoft Visual Studio Solution File, Format Version 12.00
# Visual Studio 15
VisualStudioVersion = 15.0.26430.14
MinimumVisualStudioVersion = 10.0.40219.1
Project("{FAE04EC0-301F-11D3-BF4B-00C04F79EFBC}") = "MVC-HW", "MVC-HW\MVC-HW.csproj", "{09432FB4-C4C2-4461-98F5-AFB2A6438F52}"
EndProject
Global
	GlobalSection(SolutionConfigurationPlatforms) = preSolution
		Debug|Any CPU = Debug|Any CPU
		Release|Any CPU = Release|Any CPU
	EndGlobalSection
	GlobalSection(ProjectConfigurationPlatforms) = postSolution
		{09432FB4-C4C2-4461-98F5-AFB2A6438F52}.Debug|Any CPU.ActiveCfg = Debug|Any CPU
		{09432FB4-C4C2-4461-98F5-AFB2A6438F52}.Debug|Any CPU.Build.0 = Debug|Any CPU
		{09432FB4-C4C2-4461-98F5-AFB2A6438F52}.Release|Any CPU.ActiveCfg = Release|Any CPU
		{09432FB4-C4C2-4461-98F5-AFB2A6438F52}.Release|Any CPU.Build.0 = Release|Any CPU
	EndGlobalSection
	GlobalSection(SolutionProperties) = preSolution
		HideSolutionNode = FALSE
	EndGlobalSection
EndGlobal
